// !$*UTF8*$!
{
	archiveVersion = 1;
	classes = {
	};
	objectVersion = 48;
	objects = {

/* Begin PBXBuildFile section */
		1904A6531F99A0F600FEED80 /* AppDelegate.swift in Sources */ = {isa = PBXBuildFile; fileRef = 1904A6521F99A0F600FEED80 /* AppDelegate.swift */; };
		1904A6551F99A0F600FEED80 /* ViewController.swift in Sources */ = {isa = PBXBuildFile; fileRef = 1904A6541F99A0F600FEED80 /* ViewController.swift */; };
		1904A6581F99A0F600FEED80 /* Main.storyboard in Resources */ = {isa = PBXBuildFile; fileRef = 1904A6561F99A0F600FEED80 /* Main.storyboard */; };
		1904A65A1F99A0F600FEED80 /* Assets.xcassets in Resources */ = {isa = PBXBuildFile; fileRef = 1904A6591F99A0F600FEED80 /* Assets.xcassets */; };
		1904A65D1F99A0F600FEED80 /* LaunchScreen.storyboard in Resources */ = {isa = PBXBuildFile; fileRef = 1904A65B1F99A0F600FEED80 /* LaunchScreen.storyboard */; };
		1904A6681F99A0F700FEED80 /* sampleTextFieldTests.swift in Sources */ = {isa = PBXBuildFile; fileRef = 1904A6671F99A0F700FEED80 /* sampleTextFieldTests.swift */; };
		1904A6731F99A0F700FEED80 /* sampleTextFieldUITests.swift in Sources */ = {isa = PBXBuildFile; fileRef = 1904A6721F99A0F700FEED80 /* sampleTextFieldUITests.swift */; };
/* End PBXBuildFile section */

/* Begin PBXContainerItemProxy section */
		1904A6641F99A0F600FEED80 /* PBXContainerItemProxy */ = {
			isa = PBXContainerItemProxy;
			containerPortal = 1904A6471F99A0F600FEED80 /* Project object */;
			proxyType = 1;
			remoteGlobalIDString = 1904A64E1F99A0F600FEED80;
			remoteInfo = sampleTextField;
		};
		1904A66F1F99A0F700FEED80 /* PBXContainerItemProxy */ = {
			isa = PBXContainerItemProxy;
			containerPortal = 1904A6471F99A0F600FEED80 /* Project object */;
			proxyType = 1;
			remoteGlobalIDString = 1904A64E1F99A0F600FEED80;
			remoteInfo = sampleTextField;
		};
/* End PBXContainerItemProxy section */

/* Begin PBXFileReference section */
		1904A64F1F99A0F600FEED80 /* sampleTextField.app */ = {isa = PBXFileReference; explicitFileType = wrapper.application; includeInIndex = 0; path = sampleTextField.app; sourceTree = BUILT_PRODUCTS_DIR; };
		1904A6521F99A0F600FEED80 /* AppDelegate.swift */ = {isa = PBXFileReference; lastKnownFileType = sourcecode.swift; path = AppDelegate.swift; sourceTree = "<group>"; };
		1904A6541F99A0F600FEED80 /* ViewController.swift */ = {isa = PBXFileReference; lastKnownFileType = sourcecode.swift; path = ViewController.swift; sourceTree = "<group>"; };
		1904A6571F99A0F600FEED80 /* Base */ = {isa = PBXFileReference; lastKnownFileType = file.storyboard; name = Base; path = Base.lproj/Main.storyboard; sourceTree = "<group>"; };
		1904A6591F99A0F600FEED80 /* Assets.xcassets */ = {isa = PBXFileReference; lastKnownFileType = folder.assetcatalog; path = Assets.xcassets; sourceTree = "<group>"; };
		1904A65C1F99A0F600FEED80 /* Base */ = {isa = PBXFileReference; lastKnownFileType = file.storyboard; name = Base; path = Base.lproj/LaunchScreen.storyboard; sourceTree = "<group>"; };
		1904A65E1F99A0F600FEED80 /* Info.plist */ = {isa = PBXFileReference; lastKnownFileType = text.plist.xml; path = Info.plist; sourceTree = "<group>"; };
		1904A6631F99A0F600FEED80 /* sampleTextFieldTests.xctest */ = {isa = PBXFileReference; explicitFileType = wrapper.cfbundle; includeInIndex = 0; path = sampleTextFieldTests.xctest; sourceTree = BUILT_PRODUCTS_DIR; };
		1904A6671F99A0F700FEED80 /* sampleTextFieldTests.swift */ = {isa = PBXFileReference; lastKnownFileType = sourcecode.swift; path = sampleTextFieldTests.swift; sourceTree = "<group>"; };
		1904A6691F99A0F700FEED80 /* Info.plist */ = {isa = PBXFileReference; lastKnownFileType = text.plist.xml; path = Info.plist; sourceTree = "<group>"; };
		1904A66E1F99A0F700FEED80 /* sampleTextFieldUITests.xctest */ = {isa = PBXFileReference; explicitFileType = wrapper.cfbundle; includeInIndex = 0; path = sampleTextFieldUITests.xctest; sourceTree = BUILT_PRODUCTS_DIR; };
		1904A6721F99A0F700FEED80 /* sampleTextFieldUITests.swift */ = {isa = PBXFileReference; lastKnownFileType = sourcecode.swift; path = sampleTextFieldUITests.swift; sourceTree = "<group>"; };
		1904A6741F99A0F700FEED80 /* Info.plist */ = {isa = PBXFileReference; lastKnownFileType = text.plist.xml; path = Info.plist; sourceTree = "<group>"; };
/* End PBXFileReference section */

/* Begin PBXFrameworksBuildPhase section */
		1904A64C1F99A0F600FEED80 /* Frameworks */ = {
			isa = PBXFrameworksBuildPhase;
			buildActionMask = 2147483647;
			files = (
			);
			runOnlyForDeploymentPostprocessing = 0;
		};
		1904A6601F99A0F600FEED80 /* Frameworks */ = {
			isa = PBXFrameworksBuildPhase;
			buildActionMask = 2147483647;
			files = (
			);
			runOnlyForDeploymentPostprocessing = 0;
		};
		1904A66B1F99A0F700FEED80 /* Frameworks */ = {
			isa = PBXFrameworksBuildPhase;
			buildActionMask = 2147483647;
			files = (
			);
			runOnlyForDeploymentPostprocessing = 0;
		};
/* End PBXFrameworksBuildPhase section */

/* Begin PBXGroup section */
		1904A6461F99A0F600FEED80 = {
			isa = PBXGroup;
			children = (
				1904A6511F99A0F600FEED80 /* sampleTextField */,
				1904A6661F99A0F700FEED80 /* sampleTextFieldTests */,
				1904A6711F99A0F700FEED80 /* sampleTextFieldUITests */,
				1904A6501F99A0F600FEED80 /* Products */,
			);
			sourceTree = "<group>";
		};
		1904A6501F99A0F600FEED80 /* Products */ = {
			isa = PBXGroup;
			children = (
				1904A64F1F99A0F600FEED80 /* sampleTextField.app */,
				1904A6631F99A0F600FEED80 /* sampleTextFieldTests.xctest */,
				1904A66E1F99A0F700FEED80 /* sampleTextFieldUITests.xctest */,
			);
			name = Products;
			sourceTree = "<group>";
		};
		1904A6511F99A0F600FEED80 /* sampleTextField */ = {
			isa = PBXGroup;
			children = (
				1904A6521F99A0F600FEED80 /* AppDelegate.swift */,
				1904A6541F99A0F600FEED80 /* ViewController.swift */,
				1904A6561F99A0F600FEED80 /* Main.storyboard */,
				1904A6591F99A0F600FEED80 /* Assets.xcassets */,
				1904A65B1F99A0F600FEED80 /* LaunchScreen.storyboard */,
				1904A65E1F99A0F600FEED80 /* Info.plist */,
			);
			path = sampleTextField;
			sourceTree = "<group>";
		};
		1904A6661F99A0F700FEED80 /* sampleTextFieldTests */ = {
			isa = PBXGroup;
			children = (
				1904A6671F99A0F700FEED80 /* sampleTextFieldTests.swift */,
				1904A6691F99A0F700FEED80 /* Info.plist */,
			);
			path = sampleTextFieldTests;
			sourceTree = "<group>";
		};
		1904A6711F99A0F700FEED80 /* sampleTextFieldUITests */ = {
			isa = PBXGroup;
			children = (
				1904A6721F99A0F700FEED80 /* sampleTextFieldUITests.swift */,
				1904A6741F99A0F700FEED80 /* Info.plist */,
			);
			path = sampleTextFieldUITests;
			sourceTree = "<group>";
		};
/* End PBXGroup section */

/* Begin PBXNativeTarget section */
		1904A64E1F99A0F600FEED80 /* sampleTextField */ = {
			isa = PBXNativeTarget;
			buildConfigurationList = 1904A6771F99A0F700FEED80 /* Build configuration list for PBXNativeTarget "sampleTextField" */;
			buildPhases = (
				1904A64B1F99A0F600FEED80 /* Sources */,
				1904A64C1F99A0F600FEED80 /* Frameworks */,
				1904A64D1F99A0F600FEED80 /* Resources */,
			);
			buildRules = (
			);
			dependencies = (
			);
			name = sampleTextField;
			productName = sampleTextField;
			productReference = 1904A64F1F99A0F600FEED80 /* sampleTextField.app */;
			productType = "com.apple.product-type.application";
		};
		1904A6621F99A0F600FEED80 /* sampleTextFieldTests */ = {
			isa = PBXNativeTarget;
			buildConfigurationList = 1904A67A1F99A0F700FEED80 /* Build configuration list for PBXNativeTarget "sampleTextFieldTests" */;
			buildPhases = (
				1904A65F1F99A0F600FEED80 /* Sources */,
				1904A6601F99A0F600FEED80 /* Frameworks */,
				1904A6611F99A0F600FEED80 /* Resources */,
			);
			buildRules = (
			);
			dependencies = (
				1904A6651F99A0F600FEED80 /* PBXTargetDependency */,
			);
			name = sampleTextFieldTests;
			productName = sampleTextFieldTests;
			productReference = 1904A6631F99A0F600FEED80 /* sampleTextFieldTests.xctest */;
			productType = "com.apple.product-type.bundle.unit-test";
		};
		1904A66D1F99A0F700FEED80 /* sampleTextFieldUITests */ = {
			isa = PBXNativeTarget;
			buildConfigurationList = 1904A67D1F99A0F700FEED80 /* Build configuration list for PBXNativeTarget "sampleTextFieldUITests" */;
			buildPhases = (
				1904A66A1F99A0F700FEED80 /* Sources */,
				1904A66B1F99A0F700FEED80 /* Frameworks */,
				1904A66C1F99A0F700FEED80 /* Resources */,
			);
			buildRules = (
			);
			dependencies = (
				1904A6701F99A0F700FEED80 /* PBXTargetDependency */,
			);
			name = sampleTextFieldUITests;
			productName = sampleTextFieldUITests;
			productReference = 1904A66E1F99A0F700FEED80 /* sampleTextFieldUITests.xctest */;
			productType = "com.apple.product-type.bundle.ui-testing";
		};
/* End PBXNativeTarget section */

/* Begin PBXProject section */
		1904A6471F99A0F600FEED80 /* Project object */ = {
			isa = PBXProject;
			attributes = {
				LastSwiftUpdateCheck = 0900;
				LastUpgradeCheck = 0900;
				ORGANIZATIONNAME = "Eriko Ichinohe";
				TargetAttributes = {
					1904A64E1F99A0F600FEED80 = {
						CreatedOnToolsVersion = 9.0;
						ProvisioningStyle = Automatic;
					};
					1904A6621F99A0F600FEED80 = {
						CreatedOnToolsVersion = 9.0;
						ProvisioningStyle = Automatic;
						TestTargetID = 1904A64E1F99A0F600FEED80;
					};
					1904A66D1F99A0F700FEED80 = {
						CreatedOnToolsVersion = 9.0;
						ProvisioningStyle = Automatic;
						TestTargetID = 1904A64E1F99A0F600FEED80;
					};
				};
			};
			buildConfigurationList = 1904A64A1F99A0F600FEED80 /* Build configuration list for PBXProject "sampleTextField" */;
			compatibilityVersion = "Xcode 8.0";
			developmentRegion = en;
			hasScannedForEncodings = 0;
			knownRegions = (
				en,
				Base,
			);
			mainGroup = 1904A6461F99A0F600FEED80;
			productRefGroup = 1904A6501F99A0F600FEED80 /* Products */;
			projectDirPath = "";
			projectRoot = "";
			targets = (
				1904A64E1F99A0F600FEED80 /* sampleTextField */,
				1904A6621F99A0F600FEED80 /* sampleTextFieldTests */,
				1904A66D1F99A0F700FEED80 /* sampleTextFieldUITests */,
			);
		};
/* End PBXProject section */

/* Begin PBXResourcesBuildPhase section */
		1904A64D1F99A0F600FEED80 /* Resources */ = {
			isa = PBXResourcesBuildPhase;
			buildActionMask = 2147483647;
			files = (
				1904A65D1F99A0F600FEED80 /* LaunchScreen.storyboard in Resources */,
				1904A65A1F99A0F600FEED80 /* Assets.xcassets in Resources */,
				1904A6581F99A0F600FEED80 /* Main.storyboard in Resources */,
			);
			runOnlyForDeploymentPostprocessing = 0;
		};
		1904A6611F99A0F600FEED80 /* Resources */ = {
			isa = PBXResourcesBuildPhase;
			buildActionMask = 2147483647;
			files = (
			);
			runOnlyForDeploymentPostprocessing = 0;
		};
		1904A66C1F99A0F700FEED80 /* Resources */ = {
			isa = PBXResourcesBuildPhase;
			buildActionMask = 2147483647;
			files = (
			);
			runOnlyForDeploymentPostprocessing = 0;
		};
/* End PBXResourcesBuildPhase section */

/* Begin PBXSourcesBuildPhase section */
		1904A64B1F99A0F600FEED80 /* Sources */ = {
			isa = PBXSourcesBuildPhase;
			buildActionMask = 2147483647;
			files = (
				1904A6551F99A0F600FEED80 /* ViewController.swift in Sources */,
				1904A6531F99A0F600FEED80 /* AppDelegate.swift in Sources */,
			);
			runOnlyForDeploymentPostprocessing = 0;
		};
		1904A65F1F99A0F600FEED80 /* Sources */ = {
			isa = PBXSourcesBuildPhase;
			buildActionMask = 2147483647;
			files = (
				1904A6681F99A0F700FEED80 /* sampleTextFieldTests.swift in Sources */,
			);
			runOnlyForDeploymentPostprocessing = 0;
		};
		1904A66A1F99A0F700FEED80 /* Sources */ = {
			isa = PBXSourcesBuildPhase;
			buildActionMask = 2147483647;
			files = (
				1904A6731F99A0F700FEED80 /* sampleTextFieldUITests.swift in Sources */,
			);
			runOnlyForDeploymentPostprocessing = 0;
		};
/* End PBXSourcesBuildPhase section */

/* Begin PBXTargetDependency section */
		1904A6651F99A0F600FEED80 /* PBXTargetDependency */ = {
			isa = PBXTargetDependency;
			target = 1904A64E1F99A0F600FEED80 /* sampleTextField */;
			targetProxy = 1904A6641F99A0F600FEED80 /* PBXContainerItemProxy */;
		};
		1904A6701F99A0F700FEED80 /* PBXTargetDependency */ = {
			isa = PBXTargetDependency;
			target = 1904A64E1F99A0F600FEED80 /* sampleTextField */;
			targetProxy = 1904A66F1F99A0F700FEED80 /* PBXContainerItemProxy */;
		};
/* End PBXTargetDependency section */

/* Begin PBXVariantGroup section */
		1904A6561F99A0F600FEED80 /* Main.storyboard */ = {
			isa = PBXVariantGroup;
			children = (
				1904A6571F99A0F600FEED80 /* Base */,
			);
			name = Main.storyboard;
			sourceTree = "<group>";
		};
		1904A65B1F99A0F600FEED80 /* LaunchScreen.storyboard */ = {
			isa = PBXVariantGroup;
			children = (
				1904A65C1F99A0F600FEED80 /* Base */,
			);
			name = LaunchScreen.storyboard;
			sourceTree = "<group>";
		};
/* End PBXVariantGroup section */

/* Begin XCBuildConfiguration section */
		1904A6751F99A0F700FEED80 /* Debug */ = {
			isa = XCBuildConfiguration;
			buildSettings = {
				ALWAYS_SEARCH_USER_PATHS = NO;
				CLANG_ANALYZER_NONNULL = YES;
				CLANG_ANALYZER_NUMBER_OBJECT_CONVERSION = YES_AGGRESSIVE;
				CLANG_CXX_LANGUAGE_STANDARD = "gnu++14";
				CLANG_CXX_LIBRARY = "libc++";
				CLANG_ENABLE_MODULES = YES;
				CLANG_ENABLE_OBJC_ARC = YES;
				CLANG_WARN_BLOCK_CAPTURE_AUTORELEASING = YES;
				CLANG_WARN_BOOL_CONVERSION = YES;
				CLANG_WARN_COMMA = YES;
				CLANG_WARN_CONSTANT_CONVERSION = YES;
				CLANG_WARN_DIRECT_OBJC_ISA_USAGE = YES_ERROR;
				CLANG_WARN_DOCUMENTATION_COMMENTS = YES;
				CLANG_WARN_EMPTY_BODY = YES;
				CLANG_WARN_ENUM_CONVERSION = YES;
				CLANG_WARN_INFINITE_RECURSION = YES;
				CLANG_WARN_INT_CONVERSION = YES;
				CLANG_WARN_NON_LITERAL_NULL_CONVERSION = YES;
				CLANG_WARN_OBJC_LITERAL_CONVERSION = YES;
				CLANG_WARN_OBJC_ROOT_CLASS = YES_ERROR;
				CLANG_WARN_RANGE_LOOP_ANALYSIS = YES;
				CLANG_WARN_STRICT_PROTOTYPES = YES;
				CLANG_WARN_SUSPICIOUS_MOVE = YES;
				CLANG_WARN_UNGUARDED_AVAILABILITY = YES_AGGRESSIVE;
				CLANG_WARN_UNREACHABLE_CODE = YES;
				CLANG_WARN__DUPLICATE_METHOD_MATCH = YES;
				CODE_SIGN_IDENTITY = "iPhone Developer";
				COPY_PHASE_STRIP = NO;
				DEBUG_INFORMATION_FORMAT = dwarf;
				ENABLE_STRICT_OBJC_MSGSEND = YES;
				ENABLE_TESTABILITY = YES;
				GCC_C_LANGUAGE_STANDARD = gnu11;
				GCC_DYNAMIC_NO_PIC = NO;
				GCC_NO_COMMON_BLOCKS = YES;
				GCC_OPTIMIZATION_LEVEL = 0;
				GCC_PREPROCESSOR_DEFINITIONS = (
					"DEBUG=1",
					"$(inherited)",
				);
				GCC_WARN_64_TO_32_BIT_CONVERSION = YES;
				GCC_WARN_ABOUT_RETURN_TYPE = YES_ERROR;
				GCC_WARN_UNDECLARED_SELECTOR = YES;
				GCC_WARN_UNINITIALIZED_AUTOS = YES_AGGRESSIVE;
				GCC_WARN_UNUSED_FUNCTION = YES;
				GCC_WARN_UNUSED_VARIABLE = YES;
				IPHONEOS_DEPLOYMENT_TARGET = 11.0;
				MTL_ENABLE_DEBUG_INFO = YES;
				ONLY_ACTIVE_ARCH = YES;
				SDKROOT = iphoneos;
				SWIFT_ACTIVE_COMPILATION_CONDITIONS = DEBUG;
				SWIFT_OPTIMIZATION_LEVEL = "-Onone";
			};
			name = Debug;
		};
		1904A6761F99A0F700FEED80 /* Release */ = {
			isa = XCBuildConfiguration;
			buildSettings = {
				ALWAYS_SEARCH_USER_PATHS = NO;
				CLANG_ANALYZER_NONNULL = YES;
				CLANG_ANALYZER_NUMBER_OBJECT_CONVERSION = YES_AGGRESSIVE;
				CLANG_CXX_LANGUAGE_STANDARD = "gnu++14";
				CLANG_CXX_LIBRARY = "libc++";
				CLANG_ENABLE_MODULES = YES;
				CLANG_ENABLE_OBJC_ARC = YES;
				CLANG_WARN_BLOCK_CAPTURE_AUTORELEASING = YES;
				CLANG_WARN_BOOL_CONVERSION = YES;
				CLANG_WARN_COMMA = YES;
				CLANG_WARN_CONSTANT_CONVERSION = YES;
				CLANG_WARN_DIRECT_OBJC_ISA_USAGE = YES_ERROR;
				CLANG_WARN_DOCUMENTATION_COMMENTS = YES;
				CLANG_WARN_EMPTY_BODY = YES;
				CLANG_WARN_ENUM_CONVERSION = YES;
				CLANG_WARN_INFINITE_RECURSION = YES;
				CLANG_WARN_INT_CONVERSION = YES;
				CLANG_WARN_NON_LITERAL_NULL_CONVERSION = YES;
				CLANG_WARN_OBJC_LITERAL_CONVERSION = YES;
				CLANG_WARN_OBJC_ROOT_CLASS = YES_ERROR;
				CLANG_WARN_RANGE_LOOP_ANALYSIS = YES;
				CLANG_WARN_STRICT_PROTOTYPES = YES;
				CLANG_WARN_SUSPICIOUS_MOVE = YES;
				CLANG_WARN_UNGUARDED_AVAILABILITY = YES_AGGRESSIVE;
				CLANG_WARN_UNREACHABLE_CODE = YES;
				CLANG_WARN__DUPLICATE_METHOD_MATCH = YES;
				CODE_SIGN_IDENTITY = "iPhone Developer";
				COPY_PHASE_STRIP = NO;
				DEBUG_INFORMATION_FORMAT = "dwarf-with-dsym";
				ENABLE_NS_ASSERTIONS = NO;
				ENABLE_STRICT_OBJC_MSGSEND = YES;
				GCC_C_LANGUAGE_STANDARD = gnu11;
				GCC_NO_COMMON_BLOCKS = YES;
				GCC_WARN_64_TO_32_BIT_CONVERSION = YES;
				GCC_WARN_ABOUT_RETURN_TYPE = YES_ERROR;
				GCC_WARN_UNDECLARED_SELECTOR = YES;
				GCC_WARN_UNINITIALIZED_AUTOS = YES_AGGRESSIVE;
				GCC_WARN_UNUSED_FUNCTION = YES;
				GCC_WARN_UNUSED_VARIABLE = YES;
				IPHONEOS_DEPLOYMENT_TARGET = 11.0;
				MTL_ENABLE_DEBUG_INFO = NO;
				SDKROOT = iphoneos;
				SWIFT_OPTIMIZATION_LEVEL = "-Owholemodule";
				VALIDATE_PRODUCT = YES;
			};
			name = Release;
		};
		1904A6781F99A0F700FEED80 /* Debug */ = {
			isa = XCBuildConfiguration;
			buildSettings = {
				ASSETCATALOG_COMPILER_APPICON_NAME = AppIcon;
				CODE_SIGN_STYLE = Automatic;
				INFOPLIST_FILE = sampleTextField/Info.plist;
				LD_RUNPATH_SEARCH_PATHS = "$(inherited) @executable_path/Frameworks";
				PRODUCT_BUNDLE_IDENTIFIER = com.erikoichinohe.sampleTextField;
				PRODUCT_NAME = "$(TARGET_NAME)";
				SWIFT_VERSION = 4.0;
				TARGETED_DEVICE_FAMILY = "1,2";
			};
			name = Debug;
		};
		1904A6791F99A0F700FEED80 /* Release */ = {
			isa = XCBuildConfiguration;
			buildSettings = {
				ASSETCATALOG_COMPILER_APPICON_NAME = AppIcon;
				CODE_SIGN_STYLE = Automatic;
				INFOPLIST_FILE = sampleTextField/Info.plist;
				LD_RUNPATH_SEARCH_PATHS = "$(inherited) @executable_path/Frameworks";
				PRODUCT_BUNDLE_IDENTIFIER = com.erikoichinohe.sampleTextField;
				PRODUCT_NAME = "$(TARGET_NAME)";
				SWIFT_VERSION = 4.0;
				TARGETED_DEVICE_FAMILY = "1,2";
			};
			name = Release;
		};
		1904A67B1F99A0F700FEED80 /* Debug */ = {
			isa = XCBuildConfiguration;
			buildSettings = {
				ALWAYS_EMBED_SWIFT_STANDARD_LIBRARIES = YES;
				BUNDLE_LOADER = "$(TEST_HOST)";
				CODE_SIGN_STYLE = Automatic;
				INFOPLIST_FILE = sampleTextFieldTests/Info.plist;
				LD_RUNPATH_SEARCH_PATHS = "$(inherited) @executable_path/Frameworks @loader_path/Frameworks";
				PRODUCT_BUNDLE_IDENTIFIER = com.erikoichinohe.sampleTextFieldTests;
				PRODUCT_NAME = "$(TARGET_NAME)";
				SWIFT_VERSION = 4.0;
				TARGETED_DEVICE_FAMILY = "1,2";
				TEST_HOST = "$(BUILT_PRODUCTS_DIR)/sampleTextField.app/sampleTextField";
			};
			name = Debug;
		};
		1904A67C1F99A0F700FEED80 /* Release */ = {
			isa = XCBuildConfiguration;
			buildSettings = {
				ALWAYS_EMBED_SWIFT_STANDARD_LIBRARIES = YES;
				BUNDLE_LOADER = "$(TEST_HOST)";
				CODE_SIGN_STYLE = Automatic;
				INFOPLIST_FILE = sampleTextFieldTests/Info.plist;
				LD_RUNPATH_SEARCH_PATHS = "$(inherited) @executable_path/Frameworks @loader_path/Frameworks";
				PRODUCT_BUNDLE_IDENTIFIER = com.erikoichinohe.sampleTextFieldTests;
				PRODUCT_NAME = "$(TARGET_NAME)";
				SWIFT_VERSION = 4.0;
				TARGETED_DEVICE_FAMILY = "1,2";
				TEST_HOST = "$(BUILT_PRODUCTS_DIR)/sampleTextField.app/sampleTextField";
			};
			name = Release;
		};
		1904A67E1F99A0F700FEED80 /* Debug */ = {
			isa = XCBuildConfiguration;
			buildSettings = {
				ALWAYS_EMBED_SWIFT_STANDARD_LIBRARIES = YES;
				CODE_SIGN_STYLE = Automatic;
				INFOPLIST_FILE = sampleTextFieldUITests/Info.plist;
				LD_RUNPATH_SEARCH_PATHS = "$(inherited) @executable_path/Frameworks @loader_path/Frameworks";
				PRODUCT_BUNDLE_IDENTIFIER = com.erikoichinohe.sampleTextFieldUITests;
				PRODUCT_NAME = "$(TARGET_NAME)";
				SWIFT_VERSION = 4.0;
				TARGETED_DEVICE_FAMILY = "1,2";
				TEST_TARGET_NAME = sampleTextField;
			};
			name = Debug;
		};
		1904A67F1F99A0F700FEED80 /* Release */ = {
			isa = XCBuildConfiguration;
			buildSettings = {
				ALWAYS_EMBED_SWIFT_STANDARD_LIBRARIES = YES;
				CODE_SIGN_STYLE = Automatic;
				INFOPLIST_FILE = sampleTextFieldUITests/Info.plist;
				LD_RUNPATH_SEARCH_PATHS = "$(inherited) @executable_path/Frameworks @loader_path/Frameworks";
				PRODUCT_BUNDLE_IDENTIFIER = com.erikoichinohe.sampleTextFieldUITests;
				PRODUCT_NAME = "$(TARGET_NAME)";
				SWIFT_VERSION = 4.0;
				TARGETED_DEVICE_FAMILY = "1,2";
				TEST_TARGET_NAME = sampleTextField;
			};
			name = Release;
		};
/* End XCBuildConfiguration section */

/* Begin XCConfigurationList section */
		1904A64A1F99A0F600FEED80 /* Build configuration list for PBXProject "sampleTextField" */ = {
			isa = XCConfigurationList;
			buildConfigurations = (
				1904A6751F99A0F700FEED80 /* Debug */,
				1904A6761F99A0F700FEED80 /* Release */,
			);
			defaultConfigurationIsVisible = 0;
			defaultConfigurationName = Release;
		};
		1904A6771F99A0F700FEED80 /* Build configuration list for PBXNativeTarget "sampleTextField" */ = {
			isa = XCConfigurationList;
			buildConfigurations = (
				1904A6781F99A0F700FEED80 /* Debug */,
				1904A6791F99A0F700FEED80 /* Release */,
			);
			defaultConfigurationIsVisible = 0;
			defaultConfigurationName = Release;
		};
		1904A67A1F99A0F700FEED80 /* Build configuration list for PBXNativeTarget "sampleTextFieldTests" */ = {
			isa = XCConfigurationList;
			buildConfigurations = (
				1904A67B1F99A0F700FEED80 /* Debug */,
				1904A67C1F99A0F700FEED80 /* Release */,
			);
			defaultConfigurationIsVisible = 0;
			defaultConfigurationName = Release;
		};
		1904A67D1F99A0F700FEED80 /* Build configuration list for PBXNativeTarget "sampleTextFieldUITests" */ = {
			isa = XCConfigurationList;
			buildConfigurations = (
				1904A67E1F99A0F700FEED80 /* Debug */,
				1904A67F1F99A0F700FEED80 /* Release */,
			);
			defaultConfigurationIsVisible = 0;
			defaultConfigurationName = Release;
		};
/* End XCConfigurationList section */
	};
	rootObject = 1904A6471F99A0F600FEED80 /* Project object */;
}
